
Microsoft Visual Studio Solution File, Format Version 12.00
# Visual Studio Version 17
VisualStudioVersion = 17.3.32901.215
MinimumVisualStudioVersion = 10.0.40219.1
Project("{FAE04EC0-301F-11D3-BF4B-00C04F79EFBC}") = "Gothenburg parking HEMMA", "Gothenburg parking HEMMA\Gothenburg parking HEMMA.csproj", "{44C6DD0B-B40A-4DA8-9B64-EC367F7F57C5}"
EndProject
Global
	GlobalSection(SolutionConfigurationPlatforms) = preSolution
		Debug|Any CPU = Debug|Any CPU
		Release|Any CPU = Release|Any CPU
	EndGlobalSection
	GlobalSection(ProjectConfigurationPlatforms) = postSolution
		{44C6DD0B-B40A-4DA8-9B64-EC367F7F57C5}.Debug|Any CPU.ActiveCfg = Debug|Any CPU
		{44C6DD0B-B40A-4DA8-9B64-EC367F7F57C5}.Debug|Any CPU.Build.0 = Debug|Any CPU
		{44C6DD0B-B40A-4DA8-9B64-EC367F7F57C5}.Release|Any CPU.ActiveCfg = Release|Any CPU
		{44C6DD0B-B40A-4DA8-9B64-EC367F7F57C5}.Release|Any CPU.Build.0 = Release|Any CPU
	EndGlobalSection
	GlobalSection(SolutionProperties) = preSolution
		HideSolutionNode = FALSE
	EndGlobalSection
	GlobalSection(ExtensibilityGlobals) = postSolution
		SolutionGuid = {FA52A4C9-CA92-40DD-A5F3-E6DCF1A86A55}
	EndGlobalSection
EndGlobal
